
Microsoft Visual Studio Solution File, Format Version 12.00
# Visual Studio 15
VisualStudioVersion = 15.0.28010.2046
MinimumVisualStudioVersion = 10.0.40219.1
Project("{9A19103F-16F7-4668-BE54-9A1E7A4F7556}") = "Shipping.Contracts", "Shipping.Contracts\Shipping.Contracts.csproj", "{5DC1563C-7A67-4587-924A-4C61B1105EDA}"
EndProject
Project("{9A19103F-16F7-4668-BE54-9A1E7A4F7556}") = "Shipping.EndPoint", "Shipping.EndPoint\Shipping.EndPoint.csproj", "{DAF0B23D-1EE5-4A11-94FE-7C278331956A}"
EndProject
Project("{9A19103F-16F7-4668-BE54-9A1E7A4F7556}") = "Billing.Contracts", "Billing.Contracts\Billing.Contracts.csproj", "{29434C0F-5E63-4AB9-9672-C4D1B7E5AE63}"
EndProject
Project("{9A19103F-16F7-4668-BE54-9A1E7A4F7556}") = "Sales.Contracts", "Sales.Contracts\Sales.Contracts.csproj", "{9C656A31-F7BB-4165-8E6C-DD1CF63654F2}"
EndProject
Global
	GlobalSection(SolutionConfigurationPlatforms) = preSolution
		Debug|Any CPU = Debug|Any CPU
		Release|Any CPU = Release|Any CPU
	EndGlobalSection
	GlobalSection(ProjectConfigurationPlatforms) = postSolution
		{5DC1563C-7A67-4587-924A-4C61B1105EDA}.Debug|Any CPU.ActiveCfg = Debug|Any CPU
		{5DC1563C-7A67-4587-924A-4C61B1105EDA}.Debug|Any CPU.Build.0 = Debug|Any CPU
		{5DC1563C-7A67-4587-924A-4C61B1105EDA}.Release|Any CPU.ActiveCfg = Release|Any CPU
		{5DC1563C-7A67-4587-924A-4C61B1105EDA}.Release|Any CPU.Build.0 = Release|Any CPU
		{DAF0B23D-1EE5-4A11-94FE-7C278331956A}.Debug|Any CPU.ActiveCfg = Debug|Any CPU
		{DAF0B23D-1EE5-4A11-94FE-7C278331956A}.Debug|Any CPU.Build.0 = Debug|Any CPU
		{DAF0B23D-1EE5-4A11-94FE-7C278331956A}.Release|Any CPU.ActiveCfg = Release|Any CPU
		{DAF0B23D-1EE5-4A11-94FE-7C278331956A}.Release|Any CPU.Build.0 = Release|Any CPU
		{29434C0F-5E63-4AB9-9672-C4D1B7E5AE63}.Debug|Any CPU.ActiveCfg = Debug|Any CPU
		{29434C0F-5E63-4AB9-9672-C4D1B7E5AE63}.Debug|Any CPU.Build.0 = Debug|Any CPU
		{29434C0F-5E63-4AB9-9672-C4D1B7E5AE63}.Release|Any CPU.ActiveCfg = Release|Any CPU
		{29434C0F-5E63-4AB9-9672-C4D1B7E5AE63}.Release|Any CPU.Build.0 = Release|Any CPU
		{9C656A31-F7BB-4165-8E6C-DD1CF63654F2}.Debug|Any CPU.ActiveCfg = Debug|Any CPU
		{9C656A31-F7BB-4165-8E6C-DD1CF63654F2}.Debug|Any CPU.Build.0 = Debug|Any CPU
		{9C656A31-F7BB-4165-8E6C-DD1CF63654F2}.Release|Any CPU.ActiveCfg = Release|Any CPU
		{9C656A31-F7BB-4165-8E6C-DD1CF63654F2}.Release|Any CPU.Build.0 = Release|Any CPU
	EndGlobalSection
	GlobalSection(SolutionProperties) = preSolution
		HideSolutionNode = FALSE
	EndGlobalSection
	GlobalSection(ExtensibilityGlobals) = postSolution
		SolutionGuid = {D6B237A6-4513-4B07-BA8A-1BD294558270}
	EndGlobalSection
EndGlobal
